
Microsoft Visual Studio Solution File, Format Version 12.00
# Visual Studio Version 17
VisualStudioVersion = 17.4.33205.214
MinimumVisualStudioVersion = 10.0.40219.1
Project("{9A19103F-16F7-4668-BE54-9A1E7A4F7556}") = "SingleDb", "SingleDb\SingleDb.csproj", "{62F9BCCC-BBE0-4A94-B5E3-98B69AEC0FBC}"
EndProject
Project("{FAE04EC0-301F-11D3-BF4B-00C04F79EFBC}") = "MultipleDb", "MultipleDb\MultipleDb.csproj", "{6F25EF4F-90C3-4EED-B699-CD4CE2E9FADD}"
EndProject
Global
	GlobalSection(SolutionConfigurationPlatforms) = preSolution
		Debug|Any CPU = Debug|Any CPU
		Release|Any CPU = Release|Any CPU
	EndGlobalSection
	GlobalSection(ProjectConfigurationPlatforms) = postSolution
		{62F9BCCC-BBE0-4A94-B5E3-98B69AEC0FBC}.Debug|Any CPU.ActiveCfg = Debug|Any CPU
		{62F9BCCC-BBE0-4A94-B5E3-98B69AEC0FBC}.Debug|Any CPU.Build.0 = Debug|Any CPU
		{62F9BCCC-BBE0-4A94-B5E3-98B69AEC0FBC}.Release|Any CPU.ActiveCfg = Release|Any CPU
		{62F9BCCC-BBE0-4A94-B5E3-98B69AEC0FBC}.Release|Any CPU.Build.0 = Release|Any CPU
		{6F25EF4F-90C3-4EED-B699-CD4CE2E9FADD}.Debug|Any CPU.ActiveCfg = Debug|Any CPU
		{6F25EF4F-90C3-4EED-B699-CD4CE2E9FADD}.Debug|Any CPU.Build.0 = Debug|Any CPU
		{6F25EF4F-90C3-4EED-B699-CD4CE2E9FADD}.Release|Any CPU.ActiveCfg = Release|Any CPU
		{6F25EF4F-90C3-4EED-B699-CD4CE2E9FADD}.Release|Any CPU.Build.0 = Release|Any CPU
	EndGlobalSection
	GlobalSection(SolutionProperties) = preSolution
		HideSolutionNode = FALSE
	EndGlobalSection
	GlobalSection(ExtensibilityGlobals) = postSolution
		SolutionGuid = {DD018330-8BDC-4CDA-879F-04D3B54F74AC}
	EndGlobalSection
EndGlobal
